
Microsoft Visual Studio Solution File, Format Version 12.00
# Visual Studio Version 16
VisualStudioVersion = 16.0.31829.152
MinimumVisualStudioVersion = 10.0.40219.1
Project("{FAE04EC0-301F-11D3-BF4B-00C04F79EFBC}") = "DentistApp", "DentistApp.csproj", "{2BDB831D-39A0-4656-854A-BABAE81311EF}"
EndProject
Global
	GlobalSection(SolutionConfigurationPlatforms) = preSolution
		Debug|Any CPU = Debug|Any CPU
		Release|Any CPU = Release|Any CPU
	EndGlobalSection
	GlobalSection(ProjectConfigurationPlatforms) = postSolution
		{2BDB831D-39A0-4656-854A-BABAE81311EF}.Debug|Any CPU.ActiveCfg = Debug|Any CPU
		{2BDB831D-39A0-4656-854A-BABAE81311EF}.Debug|Any CPU.Build.0 = Debug|Any CPU
		{2BDB831D-39A0-4656-854A-BABAE81311EF}.Release|Any CPU.ActiveCfg = Release|Any CPU
		{2BDB831D-39A0-4656-854A-BABAE81311EF}.Release|Any CPU.Build.0 = Release|Any CPU
	EndGlobalSection
	GlobalSection(SolutionProperties) = preSolution
		HideSolutionNode = FALSE
	EndGlobalSection
	GlobalSection(ExtensibilityGlobals) = postSolution
		SolutionGuid = {3A46B07B-6516-46ED-88CE-08CC6CB0594B}
	EndGlobalSection
EndGlobal
